
Microsoft Visual Studio Solution File, Format Version 12.00
# Visual Studio Version 17
VisualStudioVersion = 17.9.34723.18
MinimumVisualStudioVersion = 10.0.40219.1
Project("{9A19103F-16F7-4668-BE54-9A1E7A4F7556}") = "NameSorter", "NameSorter\NameSorter.csproj", "{C242C684-5E03-4802-9FC6-92BA2EADBE6F}"
EndProject
Project("{FAE04EC0-301F-11D3-BF4B-00C04F79EFBC}") = "NameSorterTest", "NameSorterTest\NameSorterTest.csproj", "{7A0516AE-3845-4F95-B31B-A14CF03EF279}"
EndProject
Global
	GlobalSection(SolutionConfigurationPlatforms) = preSolution
		Debug|Any CPU = Debug|Any CPU
		Release|Any CPU = Release|Any CPU
	EndGlobalSection
	GlobalSection(ProjectConfigurationPlatforms) = postSolution
		{C242C684-5E03-4802-9FC6-92BA2EADBE6F}.Debug|Any CPU.ActiveCfg = Debug|Any CPU
		{C242C684-5E03-4802-9FC6-92BA2EADBE6F}.Debug|Any CPU.Build.0 = Debug|Any CPU
		{C242C684-5E03-4802-9FC6-92BA2EADBE6F}.Release|Any CPU.ActiveCfg = Release|Any CPU
		{C242C684-5E03-4802-9FC6-92BA2EADBE6F}.Release|Any CPU.Build.0 = Release|Any CPU
		{7A0516AE-3845-4F95-B31B-A14CF03EF279}.Debug|Any CPU.ActiveCfg = Debug|Any CPU
		{7A0516AE-3845-4F95-B31B-A14CF03EF279}.Debug|Any CPU.Build.0 = Debug|Any CPU
		{7A0516AE-3845-4F95-B31B-A14CF03EF279}.Release|Any CPU.ActiveCfg = Release|Any CPU
		{7A0516AE-3845-4F95-B31B-A14CF03EF279}.Release|Any CPU.Build.0 = Release|Any CPU
	EndGlobalSection
	GlobalSection(SolutionProperties) = preSolution
		HideSolutionNode = FALSE
	EndGlobalSection
	GlobalSection(ExtensibilityGlobals) = postSolution
		SolutionGuid = {A6971B35-8101-4D26-9FDE-D41F576A0E82}
	EndGlobalSection
EndGlobal
